
Microsoft Visual Studio Solution File, Format Version 11.00
# Visual Studio 2010
Project("{FAE04EC0-301F-11D3-BF4B-00C04F79EFBC}") = "FPE Call Logger", "FPE Call Logger.csproj", "{D718AA29-1C71-4130-8CC3-95B3B66FF637}"
EndProject
Project("{FAE04EC0-301F-11D3-BF4B-00C04F79EFBC}") = "Custom.Windows", "InstanceAwareWindow\Custom.Windows.csproj", "{4477F780-46BA-4574-8B85-E37BC67DEB7B}"
EndProject
Global
	GlobalSection(SolutionConfigurationPlatforms) = preSolution
		Debug|Any CPU = Debug|Any CPU
		Release|Any CPU = Release|Any CPU
	EndGlobalSection
	GlobalSection(ProjectConfigurationPlatforms) = postSolution
		{D718AA29-1C71-4130-8CC3-95B3B66FF637}.Debug|Any CPU.ActiveCfg = Debug|Any CPU
		{D718AA29-1C71-4130-8CC3-95B3B66FF637}.Debug|Any CPU.Build.0 = Debug|Any CPU
		{D718AA29-1C71-4130-8CC3-95B3B66FF637}.Release|Any CPU.ActiveCfg = Release|Any CPU
		{D718AA29-1C71-4130-8CC3-95B3B66FF637}.Release|Any CPU.Build.0 = Release|Any CPU
		{4477F780-46BA-4574-8B85-E37BC67DEB7B}.Debug|Any CPU.ActiveCfg = Debug|Any CPU
		{4477F780-46BA-4574-8B85-E37BC67DEB7B}.Debug|Any CPU.Build.0 = Debug|Any CPU
		{4477F780-46BA-4574-8B85-E37BC67DEB7B}.Release|Any CPU.ActiveCfg = Release|Any CPU
		{4477F780-46BA-4574-8B85-E37BC67DEB7B}.Release|Any CPU.Build.0 = Release|Any CPU
	EndGlobalSection
	GlobalSection(SolutionProperties) = preSolution
		HideSolutionNode = FALSE
	EndGlobalSection
EndGlobal
